
Microsoft Visual Studio Solution File, Format Version 12.00
# Visual Studio 2013
VisualStudioVersion = 12.0.40629.0
MinimumVisualStudioVersion = 10.0.40219.1
Project("{FAE04EC0-301F-11D3-BF4B-00C04F79EFBC}") = "API", "API\API\API.csproj", "{4389B305-B381-4B50-B1A8-BBB5259A0524}"
EndProject
Project("{FAE04EC0-301F-11D3-BF4B-00C04F79EFBC}") = "API.ServiceModel", "API\API.ServiceModel\API.ServiceModel.csproj", "{53E82AC1-DD1D-4C66-B55F-F9F4ACFB2F40}"
EndProject
Project("{FAE04EC0-301F-11D3-BF4B-00C04F79EFBC}") = "API.ServiceInterface", "API\API.ServiceInterface\API.ServiceInterface.csproj", "{801A0F89-D5F6-49A6-BCEA-6624388C98A4}"
EndProject
Project("{6141683F-8A12-4E36-9623-2EB02B2C2303}") = "Setup", "Setup\Setup.isproj", "{DCCEE4B8-FBBA-41B0-9308-FB8020F73E15}"
	ProjectSection(ProjectDependencies) = postProject
		{4389B305-B381-4B50-B1A8-BBB5259A0524} = {4389B305-B381-4B50-B1A8-BBB5259A0524}
		{E53DF677-E930-4B14-B739-D17F2450C9B2} = {E53DF677-E930-4B14-B739-D17F2450C9B2}
		{801A0F89-D5F6-49A6-BCEA-6624388C98A4} = {801A0F89-D5F6-49A6-BCEA-6624388C98A4}
		{53E82AC1-DD1D-4C66-B55F-F9F4ACFB2F40} = {53E82AC1-DD1D-4C66-B55F-F9F4ACFB2F40}
	EndProjectSection
EndProject
Project("{FAE04EC0-301F-11D3-BF4B-00C04F79EFBC}") = "ConfigIIS", "ConfigIIS\ConfigIIS.csproj", "{E53DF677-E930-4B14-B739-D17F2450C9B2}"
EndProject
Global
	GlobalSection(SolutionConfigurationPlatforms) = preSolution
		CD_ROM|Any CPU = CD_ROM|Any CPU
		Debug|Any CPU = Debug|Any CPU
		DVD-5|Any CPU = DVD-5|Any CPU
		Release|Any CPU = Release|Any CPU
		SingleImage|Any CPU = SingleImage|Any CPU
	EndGlobalSection
	GlobalSection(ProjectConfigurationPlatforms) = postSolution
		{4389B305-B381-4B50-B1A8-BBB5259A0524}.CD_ROM|Any CPU.ActiveCfg = Release|Any CPU
		{4389B305-B381-4B50-B1A8-BBB5259A0524}.CD_ROM|Any CPU.Build.0 = Release|Any CPU
		{4389B305-B381-4B50-B1A8-BBB5259A0524}.Debug|Any CPU.ActiveCfg = Debug|Any CPU
		{4389B305-B381-4B50-B1A8-BBB5259A0524}.Debug|Any CPU.Build.0 = Debug|Any CPU
		{4389B305-B381-4B50-B1A8-BBB5259A0524}.DVD-5|Any CPU.ActiveCfg = Debug|Any CPU
		{4389B305-B381-4B50-B1A8-BBB5259A0524}.DVD-5|Any CPU.Build.0 = Debug|Any CPU
		{4389B305-B381-4B50-B1A8-BBB5259A0524}.Release|Any CPU.ActiveCfg = Release|Any CPU
		{4389B305-B381-4B50-B1A8-BBB5259A0524}.Release|Any CPU.Build.0 = Release|Any CPU
		{4389B305-B381-4B50-B1A8-BBB5259A0524}.SingleImage|Any CPU.ActiveCfg = Release|Any CPU
		{4389B305-B381-4B50-B1A8-BBB5259A0524}.SingleImage|Any CPU.Build.0 = Release|Any CPU
		{53E82AC1-DD1D-4C66-B55F-F9F4ACFB2F40}.CD_ROM|Any CPU.ActiveCfg = Release|Any CPU
		{53E82AC1-DD1D-4C66-B55F-F9F4ACFB2F40}.CD_ROM|Any CPU.Build.0 = Release|Any CPU
		{53E82AC1-DD1D-4C66-B55F-F9F4ACFB2F40}.Debug|Any CPU.ActiveCfg = Debug|Any CPU
		{53E82AC1-DD1D-4C66-B55F-F9F4ACFB2F40}.Debug|Any CPU.Build.0 = Debug|Any CPU
		{53E82AC1-DD1D-4C66-B55F-F9F4ACFB2F40}.DVD-5|Any CPU.ActiveCfg = Debug|Any CPU
		{53E82AC1-DD1D-4C66-B55F-F9F4ACFB2F40}.DVD-5|Any CPU.Build.0 = Debug|Any CPU
		{53E82AC1-DD1D-4C66-B55F-F9F4ACFB2F40}.Release|Any CPU.ActiveCfg = Release|Any CPU
		{53E82AC1-DD1D-4C66-B55F-F9F4ACFB2F40}.Release|Any CPU.Build.0 = Release|Any CPU
		{53E82AC1-DD1D-4C66-B55F-F9F4ACFB2F40}.SingleImage|Any CPU.ActiveCfg = Release|Any CPU
		{53E82AC1-DD1D-4C66-B55F-F9F4ACFB2F40}.SingleImage|Any CPU.Build.0 = Release|Any CPU
		{801A0F89-D5F6-49A6-BCEA-6624388C98A4}.CD_ROM|Any CPU.ActiveCfg = Release|Any CPU
		{801A0F89-D5F6-49A6-BCEA-6624388C98A4}.CD_ROM|Any CPU.Build.0 = Release|Any CPU
		{801A0F89-D5F6-49A6-BCEA-6624388C98A4}.Debug|Any CPU.ActiveCfg = Debug|Any CPU
		{801A0F89-D5F6-49A6-BCEA-6624388C98A4}.Debug|Any CPU.Build.0 = Debug|Any CPU
		{801A0F89-D5F6-49A6-BCEA-6624388C98A4}.DVD-5|Any CPU.ActiveCfg = Debug|Any CPU
		{801A0F89-D5F6-49A6-BCEA-6624388C98A4}.DVD-5|Any CPU.Build.0 = Debug|Any CPU
		{801A0F89-D5F6-49A6-BCEA-6624388C98A4}.Release|Any CPU.ActiveCfg = Release|Any CPU
		{801A0F89-D5F6-49A6-BCEA-6624388C98A4}.Release|Any CPU.Build.0 = Release|Any CPU
		{801A0F89-D5F6-49A6-BCEA-6624388C98A4}.SingleImage|Any CPU.ActiveCfg = Release|Any CPU
		{801A0F89-D5F6-49A6-BCEA-6624388C98A4}.SingleImage|Any CPU.Build.0 = Release|Any CPU
		{DCCEE4B8-FBBA-41B0-9308-FB8020F73E15}.CD_ROM|Any CPU.ActiveCfg = CD_ROM
		{DCCEE4B8-FBBA-41B0-9308-FB8020F73E15}.CD_ROM|Any CPU.Build.0 = CD_ROM
		{DCCEE4B8-FBBA-41B0-9308-FB8020F73E15}.Debug|Any CPU.ActiveCfg = DVD-5
		{DCCEE4B8-FBBA-41B0-9308-FB8020F73E15}.Debug|Any CPU.Build.0 = DVD-5
		{DCCEE4B8-FBBA-41B0-9308-FB8020F73E15}.DVD-5|Any CPU.ActiveCfg = DVD-5
		{DCCEE4B8-FBBA-41B0-9308-FB8020F73E15}.DVD-5|Any CPU.Build.0 = DVD-5
		{DCCEE4B8-FBBA-41B0-9308-FB8020F73E15}.Release|Any CPU.ActiveCfg = SingleImage
		{DCCEE4B8-FBBA-41B0-9308-FB8020F73E15}.Release|Any CPU.Build.0 = SingleImage
		{DCCEE4B8-FBBA-41B0-9308-FB8020F73E15}.SingleImage|Any CPU.ActiveCfg = SingleImage
		{DCCEE4B8-FBBA-41B0-9308-FB8020F73E15}.SingleImage|Any CPU.Build.0 = SingleImage
		{E53DF677-E930-4B14-B739-D17F2450C9B2}.CD_ROM|Any CPU.ActiveCfg = Release|Any CPU
		{E53DF677-E930-4B14-B739-D17F2450C9B2}.CD_ROM|Any CPU.Build.0 = Release|Any CPU
		{E53DF677-E930-4B14-B739-D17F2450C9B2}.Debug|Any CPU.ActiveCfg = Debug|Any CPU
		{E53DF677-E930-4B14-B739-D17F2450C9B2}.Debug|Any CPU.Build.0 = Debug|Any CPU
		{E53DF677-E930-4B14-B739-D17F2450C9B2}.DVD-5|Any CPU.ActiveCfg = Debug|Any CPU
		{E53DF677-E930-4B14-B739-D17F2450C9B2}.DVD-5|Any CPU.Build.0 = Debug|Any CPU
		{E53DF677-E930-4B14-B739-D17F2450C9B2}.Release|Any CPU.ActiveCfg = Release|Any CPU
		{E53DF677-E930-4B14-B739-D17F2450C9B2}.Release|Any CPU.Build.0 = Release|Any CPU
		{E53DF677-E930-4B14-B739-D17F2450C9B2}.SingleImage|Any CPU.ActiveCfg = Release|Any CPU
		{E53DF677-E930-4B14-B739-D17F2450C9B2}.SingleImage|Any CPU.Build.0 = Release|Any CPU
	EndGlobalSection
	GlobalSection(SolutionProperties) = preSolution
		HideSolutionNode = FALSE
	EndGlobalSection
EndGlobal
